
Microsoft Visual Studio Solution File, Format Version 12.00
# Visual Studio Version 17
VisualStudioVersion = 17.4.33213.308
MinimumVisualStudioVersion = 10.0.40219.1
Project("{9A19103F-16F7-4668-BE54-9A1E7A4F7556}") = "Shopping", "Shopping\Shopping.csproj", "{B1DF0C14-9ADE-4BEA-AE3D-11A34CD20C71}"
EndProject
Global
	GlobalSection(SolutionConfigurationPlatforms) = preSolution
		Debug|Any CPU = Debug|Any CPU
		Release|Any CPU = Release|Any CPU
	EndGlobalSection
	GlobalSection(ProjectConfigurationPlatforms) = postSolution
		{B1DF0C14-9ADE-4BEA-AE3D-11A34CD20C71}.Debug|Any CPU.ActiveCfg = Debug|Any CPU
		{B1DF0C14-9ADE-4BEA-AE3D-11A34CD20C71}.Debug|Any CPU.Build.0 = Debug|Any CPU
		{B1DF0C14-9ADE-4BEA-AE3D-11A34CD20C71}.Release|Any CPU.ActiveCfg = Release|Any CPU
		{B1DF0C14-9ADE-4BEA-AE3D-11A34CD20C71}.Release|Any CPU.Build.0 = Release|Any CPU
	EndGlobalSection
	GlobalSection(SolutionProperties) = preSolution
		HideSolutionNode = FALSE
	EndGlobalSection
	GlobalSection(ExtensibilityGlobals) = postSolution
		SolutionGuid = {9905668A-3FDD-44CC-A138-6FDC3598C995}
	EndGlobalSection
EndGlobal
